schema: '2.0'
stages:
  data_preprocessing:
    cmd: python src/data_preprocessing.py
    deps:
    - path: data/raw
      hash: md5
      md5: a3a3b3b79892f72b9ad11e41c8a63541.dir
      size: 13519924
      nfiles: 2
    - path: src/data_preprocessing.py
      hash: md5
      md5: 970125347fb58cd54083803eb2db6001
      size: 2709
    outs:
    - path: data/interim
      hash: md5
      md5: 5c2c5a5b2c88af747a12378608e93229.dir
      size: 15219769
      nfiles: 2
  data_ingestion:
    cmd: python src/data_ingestion.py
    deps:
    - path: src/data_ingestion.py
      hash: md5
      md5: 6ee5bb550448106fd0aa2fd82fbd8aa8
      size: 3824
    params:
      params.yaml:
        data_ingestion.test_size: 0.2
    outs:
    - path: data/raw
      hash: md5
      md5: a3a3b3b79892f72b9ad11e41c8a63541.dir
      size: 13519924
      nfiles: 2
  model_building:
    cmd: python src/model_building.py
    deps:
    - path: data/interim
      hash: md5
      md5: 5c2c5a5b2c88af747a12378608e93229.dir
      size: 15219769
      nfiles: 2
    - path: src/model_building.py
      hash: md5
      md5: 6be24e02d6d3dcd143c74186ffdd86aa
      size: 4168
    params:
      params.yaml:
        model_building.learning_rate: 0.1
        model_building.max_depth: 6
        model_building.n_estimators: 100
        model_building.random_state: 42
    outs:
    - path: models/xgb_model.pkl
      hash: md5
      md5: 48d6dc605f7a15dd5da0ce0391f701e7
      size: 257854
  model_evaluation:
    cmd: python src/model_evaluation.py
    deps:
    - path: models/xgb_model.pkl
      hash: md5
      md5: 48d6dc605f7a15dd5da0ce0391f701e7
      size: 257854
    - path: src/model_evaluation.py
      hash: md5
      md5: 519be14e0d4315b2070c5f951bed0647
      size: 4505
    outs:
    - path: reports/metrics.json
      hash: md5
      md5: 050ee93ed24549c258d4fafb9c8f0985
      size: 174
